<?xml version="1.0" encoding="UTF-8" standalone="yes" ?>
<CodeBlocks_project_file>
	<FileVersion major="1" minor="6" />
	<Project>
		<Option title="Movie Ticketing System - 42240301932" />
		<Option pch_mode="2" />
		<Option compiler="gcc" />
		<Build>
			<Target title="Debug">
				<Option output="bin/Debug/Movie Ticketing System - 42240301932" prefix_auto="1" extension_auto="1" />
				<Option object_output="obj/Debug/" />
				<Option type="1" />
				<Option compiler="gcc" />
				<Compiler>
					<Add option="-g" />
				</Compiler>
			</Target>
			<Target title="Release">
				<Option output="bin/Release/Movie Ticketing System - 42240301932" prefix_auto="1" extension_auto="1" />
				<Option object_output="obj/Release/" />
				<Option type="1" />
				<Option compiler="gcc" />
				<Compiler>
					<Add option="-O2" />
				</Compiler>
				<Linker>
					<Add option="-s" />
				</Linker>
			</Target>
		</Build>
		<Compiler>
			<Add option="-Wall" />
			<Add option="-fexceptions" />
		</Compiler>
		<Unit filename="Admin.cpp" />
		<Unit filename="Admin.h" />
		<Unit filename="BookingSystem.cpp" />
		<Unit filename="BookingSystem.h" />
		<Unit filename="Customer.cpp" />
		<Unit filename="Customer.h" />
		<Unit filename="User.h" />
		<Unit filename="bookings.txt" />
		<Unit filename="data/bookings.txt" />
		<Unit filename="data/movies.txt" />
		<Unit filename="data/users.txt" />
		<Unit filename="main.cpp" />
		<Unit filename="movies.txt" />
		<Unit filename="users.txt" />
		<Extensions>
			<lib_finder disable_auto="1" />
		</Extensions>
	</Project>
</CodeBlocks_project_file>
